
Microsoft Visual Studio Solution File, Format Version 12.00
# Visual Studio 14
VisualStudioVersion = 14.0.25420.1
MinimumVisualStudioVersion = 10.0.40219.1
Project("{8BC9CEB8-8B4A-11D0-8D11-00A0C91BC942}") = "FontMatrixTool", "FontMatrixTool\FontMatrixTool.vcxproj", "{AA504E34-CEB5-46F1-BA0F-093B19328E12}"
EndProject
Project("{8BC9CEB8-8B4A-11D0-8D11-00A0C91BC942}") = "SimpleFontTool", "SimpleFontTool\SimpleFontTool.vcxproj", "{E2C287E3-5BB5-482C-A095-EEC5458DA5C0}"
EndProject
Global
	GlobalSection(SolutionConfigurationPlatforms) = preSolution
		Debug|x64 = Debug|x64
		Debug|x86 = Debug|x86
		Release|x64 = Release|x64
		Release|x86 = Release|x86
	EndGlobalSection
	GlobalSection(ProjectConfigurationPlatforms) = postSolution
		{AA504E34-CEB5-46F1-BA0F-093B19328E12}.Debug|x64.ActiveCfg = Debug|x64
		{AA504E34-CEB5-46F1-BA0F-093B19328E12}.Debug|x64.Build.0 = Debug|x64
		{AA504E34-CEB5-46F1-BA0F-093B19328E12}.Debug|x86.ActiveCfg = Debug|Win32
		{AA504E34-CEB5-46F1-BA0F-093B19328E12}.Debug|x86.Build.0 = Debug|Win32
		{AA504E34-CEB5-46F1-BA0F-093B19328E12}.Release|x64.ActiveCfg = Release|x64
		{AA504E34-CEB5-46F1-BA0F-093B19328E12}.Release|x64.Build.0 = Release|x64
		{AA504E34-CEB5-46F1-BA0F-093B19328E12}.Release|x86.ActiveCfg = Release|Win32
		{AA504E34-CEB5-46F1-BA0F-093B19328E12}.Release|x86.Build.0 = Release|Win32
		{E2C287E3-5BB5-482C-A095-EEC5458DA5C0}.Debug|x64.ActiveCfg = Debug|x64
		{E2C287E3-5BB5-482C-A095-EEC5458DA5C0}.Debug|x64.Build.0 = Debug|x64
		{E2C287E3-5BB5-482C-A095-EEC5458DA5C0}.Debug|x86.ActiveCfg = Debug|Win32
		{E2C287E3-5BB5-482C-A095-EEC5458DA5C0}.Debug|x86.Build.0 = Debug|Win32
		{E2C287E3-5BB5-482C-A095-EEC5458DA5C0}.Release|x64.ActiveCfg = Release|x64
		{E2C287E3-5BB5-482C-A095-EEC5458DA5C0}.Release|x64.Build.0 = Release|x64
		{E2C287E3-5BB5-482C-A095-EEC5458DA5C0}.Release|x86.ActiveCfg = Release|Win32
		{E2C287E3-5BB5-482C-A095-EEC5458DA5C0}.Release|x86.Build.0 = Release|Win32
	EndGlobalSection
	GlobalSection(SolutionProperties) = preSolution
		HideSolutionNode = FALSE
	EndGlobalSection
	GlobalSection(ExtensibilityGlobals) = postSolution
		SolutionGuid = {699F39B4-DB80-4E42-9491-438D90A33C7A}
	EndGlobalSection
EndGlobal
